<?xml version="1.0" encoding="utf-8"?>
<Project ToolsVersion="4.0" xmlns="http://schemas.microsoft.com/developer/msbuild/2003">
  <ItemGroup>
    <Filter Include="Source Files">
      <UniqueIdentifier>{4FC737F1-C7A5-4376-A066-2A32D752A2FF}</UniqueIdentifier>
      <Extensions>cpp;c;cc;cxx;def;odl;idl;hpj;bat;asm;asmx</Extensions>
    </Filter>
    <Filter Include="Header Files">
      <UniqueIdentifier>{93995380-89BD-4b04-88EB-625FBE52EBFB}</UniqueIdentifier>
      <Extensions>h;hh;hpp;hxx;hm;inl;inc;ipp;xsd</Extensions>
    </Filter>
    <Filter Include="Resource Files">
      <UniqueIdentifier>{67DA6AB6-F800-4c08-8B7A-83BB121AAD01}</UniqueIdentifier>
      <Extensions>rc;ico;cur;bmp;dlg;rc2;rct;bin;rgs;gif;jpg;jpeg;jpe;resx;tiff;tif;png;wav;mfcribbon-ms</Extensions>
    </Filter>
    <Filter Include="Header Files\engine">
      <UniqueIdentifier>{98630521-5bc8-422b-a6e2-0b77a32a4704}</UniqueIdentifier>
    </Filter>
    <Filter Include="Source Files\engine">
      <UniqueIdentifier>{73117787-7b84-4f9f-bcc3-6b46f7cdbb4d}</UniqueIdentifier>
    </Filter>
    <Filter Include="Header Files\input">
      <UniqueIdentifier>{6cc954ea-36c9-4fd1-a5de-7a0cdf874852}</UniqueIdentifier>
    </Filter>
    <Filter Include="Source Files\input">
      <UniqueIdentifier>{0bfd7569-ab49-4d29-b693-c0c396109cab}</UniqueIdentifier>
    </Filter>
    <Filter Include="Source Files\terrain">
      <UniqueIdentifier>{beebf1e4-b323-43da-abf3-70f7832dbbf2}</UniqueIdentifier>
    </Filter>
    <Filter Include="Header Files\terrain">
      <UniqueIdentifier>{9cc9774a-877a-47a3-800a-f0d7b82fb499}</UniqueIdentifier>
    </Filter>
    <Filter Include="Source Files\utility">
      <UniqueIdentifier>{7f4ed83d-0ad0-4444-8c9f-2f0a2793b5c1}</UniqueIdentifier>
    </Filter>
    <Filter Include="Header Files\utility">
      <UniqueIdentifier>{0b4fe131-4240-49e9-a6a7-1d42a089e48e}</UniqueIdentifier>
    </Filter>
  </ItemGroup>
  <ItemGroup>
    <ClCompile Include="Main.cpp">
      <Filter>Source Files\engine</Filter>
    </ClCompile>
    <ClCompile Include="camera.cpp">
      <Filter>Source Files\engine</Filter>
    </ClCompile>
    <ClCompile Include="window.cpp">
      <Filter>Source Files\engine</Filter>
    </ClCompile>
    <ClCompile Include="renderer.cpp">
      <Filter>Source Files\engine</Filter>
    </ClCompile>
    <ClCompile Include="mesh.cpp">
      <Filter>Source Files\engine</Filter>
    </ClCompile>
    <ClCompile Include="keyboard.cpp">
      <Filter>Source Files\input</Filter>
    </ClCompile>
    <ClCompile Include="mouse.cpp">
      <Filter>Source Files\input</Filter>
    </ClCompile>
    <ClCompile Include="player.cpp">
      <Filter>Source Files\terrain</Filter>
    </ClCompile>
    <ClCompile Include="world.cpp">
      <Filter>Source Files\terrain</Filter>
    </ClCompile>
    <ClCompile Include="terrain2.cpp">
      <Filter>Source Files\terrain</Filter>
    </ClCompile>
    <ClCompile Include="Perlin.cpp">
      <Filter>Source Files\utility</Filter>
    </ClCompile>
    <ClCompile Include="FractalNoise.cpp">
      <Filter>Source Files\utility</Filter>
    </ClCompile>
    <ClCompile Include="Primitives.cpp">
      <Filter>Source Files\terrain</Filter>
    </ClCompile>
  </ItemGroup>
  <ItemGroup>
    <ClInclude Include="Main.h">
      <Filter>Header Files\engine</Filter>
    </ClInclude>
    <ClInclude Include="Scene.h">
      <Filter>Header Files\engine</Filter>
    </ClInclude>
    <ClInclude Include="camera.h">
      <Filter>Header Files\engine</Filter>
    </ClInclude>
    <ClInclude Include="renderer.h">
      <Filter>Header Files\engine</Filter>
    </ClInclude>
    <ClInclude Include="mesh.h">
      <Filter>Header Files\engine</Filter>
    </ClInclude>
    <ClInclude Include="keyboard.h">
      <Filter>Header Files\input</Filter>
    </ClInclude>
    <ClInclude Include="mouse.h">
      <Filter>Header Files\input</Filter>
    </ClInclude>
    <ClInclude Include="window.h">
      <Filter>Header Files\engine</Filter>
    </ClInclude>
    <ClInclude Include="player.h">
      <Filter>Header Files\terrain</Filter>
    </ClInclude>
    <ClInclude Include="world.h">
      <Filter>Header Files\terrain</Filter>
    </ClInclude>
    <ClInclude Include="constants.h">
      <Filter>Header Files\utility</Filter>
    </ClInclude>
    <ClInclude Include="terrain2.h">
      <Filter>Header Files\terrain</Filter>
    </ClInclude>
    <ClInclude Include="Perlin.h">
      <Filter>Header Files\utility</Filter>
    </ClInclude>
    <ClInclude Include="FractalNoise.h">
      <Filter>Header Files\utility</Filter>
    </ClInclude>
    <ClInclude Include="Primitives.h">
      <Filter>Header Files\terrain</Filter>
    </ClInclude>
  </ItemGroup>
  <ItemGroup>
    <Text Include="test.frag">
      <Filter>Resource Files</Filter>
    </Text>
  </ItemGroup>
  <ItemGroup>
    <None Include="test.vert">
      <Filter>Resource Files</Filter>
    </None>
  </ItemGroup>
</Project>